// !$*UTF8*$!
{
	archiveVersion = 1;
	classes = {
	};
	objectVersion = 48;
	objects = {

/* Begin PBXBuildFile section */
		330292CE20098568003C6420 /* AppDelegate.swift in Sources */ = {isa = PBXBuildFile; fileRef = 330292CD20098568003C6420 /* AppDelegate.swift */; };
		330292D020098568003C6420 /* ViewController.swift in Sources */ = {isa = PBXBuildFile; fileRef = 330292CF20098568003C6420 /* ViewController.swift */; };
		330292D320098568003C6420 /* Main.storyboard in Resources */ = {isa = PBXBuildFile; fileRef = 330292D120098568003C6420 /* Main.storyboard */; };
		330292D520098568003C6420 /* Assets.xcassets in Resources */ = {isa = PBXBuildFile; fileRef = 330292D420098568003C6420 /* Assets.xcassets */; };
		330292D820098568003C6420 /* LaunchScreen.storyboard in Resources */ = {isa = PBXBuildFile; fileRef = 330292D620098568003C6420 /* LaunchScreen.storyboard */; };
		330292E020098B14003C6420 /* Post.swift in Sources */ = {isa = PBXBuildFile; fileRef = 330292DF20098B14003C6420 /* Post.swift */; };
		330292E220098D4B003C6420 /* GoogleService-Info.plist in Resources */ = {isa = PBXBuildFile; fileRef = 330292E120098D4A003C6420 /* GoogleService-Info.plist */; };
		335D245A201007590090930D /* ChartVC.swift in Sources */ = {isa = PBXBuildFile; fileRef = 335D2459201007590090930D /* ChartVC.swift */; };
		335D245C20102E800090930D /* AdminTableViewCell.swift in Sources */ = {isa = PBXBuildFile; fileRef = 335D245B20102E800090930D /* AdminTableViewCell.swift */; };
		336C442A20098F0B00A47A86 /* DatabaseService.swift in Sources */ = {isa = PBXBuildFile; fileRef = 336C442920098F0B00A47A86 /* DatabaseService.swift */; };
		336C442C20099F9E00A47A86 /* PostsSnapshot.swift in Sources */ = {isa = PBXBuildFile; fileRef = 336C442B20099F9E00A47A86 /* PostsSnapshot.swift */; };
		338777332010482B006EF11A /* UserTableViewCell.swift in Sources */ = {isa = PBXBuildFile; fileRef = 338777322010482B006EF11A /* UserTableViewCell.swift */; };
		338777352010603B006EF11A /* PickerVC.swift in Sources */ = {isa = PBXBuildFile; fileRef = 338777342010603B006EF11A /* PickerVC.swift */; };
		33A4DFEF2009CD41000A6E30 /* SignInVC.swift in Sources */ = {isa = PBXBuildFile; fileRef = 33A4DFEE2009CD41000A6E30 /* SignInVC.swift */; };
		33A4DFF32009CD91000A6E30 /* SignUpVC.swift in Sources */ = {isa = PBXBuildFile; fileRef = 33A4DFF22009CD91000A6E30 /* SignUpVC.swift */; };
		33A4DFF92009DC06000A6E30 /* AlertController.swift in Sources */ = {isa = PBXBuildFile; fileRef = 33A4DFF82009DC06000A6E30 /* AlertController.swift */; };
		33AA44A8200ED6B500468484 /* ResetPasswordVC.swift in Sources */ = {isa = PBXBuildFile; fileRef = 33AA44A7200ED6B500468484 /* ResetPasswordVC.swift */; };
		33C3AFA9200C5E23004BC19D /* UserVC.swift in Sources */ = {isa = PBXBuildFile; fileRef = 33C3AFA8200C5E23004BC19D /* UserVC.swift */; };
		33C3AFAB200C6261004BC19D /* UNService.swift in Sources */ = {isa = PBXBuildFile; fileRef = 33C3AFAA200C6261004BC19D /* UNService.swift */; };
		33C3AFAE200C7799004BC19D /* MessagingService.swift in Sources */ = {isa = PBXBuildFile; fileRef = 33C3AFAD200C7799004BC19D /* MessagingService.swift */; };
		FCBFD7A050F7F2A0F1E950A2 /* Pods_LearningFirebase.framework in Frameworks */ = {isa = PBXBuildFile; fileRef = B20B519C3F13CF5C300B95CE /* Pods_LearningFirebase.framework */; };
/* End PBXBuildFile section */

/* Begin PBXFileReference section */
		312916EB7CCB830F0DE30506 /* Pods-LearningFirebase.release.xcconfig */ = {isa = PBXFileReference; includeInIndex = 1; lastKnownFileType = text.xcconfig; name = "Pods-LearningFirebase.release.xcconfig"; path = "Pods/Target Support Files/Pods-LearningFirebase/Pods-LearningFirebase.release.xcconfig"; sourceTree = "<group>"; };
		330292CA20098568003C6420 /* LearningFirebase.app */ = {isa = PBXFileReference; explicitFileType = wrapper.application; includeInIndex = 0; path = LearningFirebase.app; sourceTree = BUILT_PRODUCTS_DIR; };
		330292CD20098568003C6420 /* AppDelegate.swift */ = {isa = PBXFileReference; lastKnownFileType = sourcecode.swift; path = AppDelegate.swift; sourceTree = "<group>"; };
		330292CF20098568003C6420 /* ViewController.swift */ = {isa = PBXFileReference; lastKnownFileType = sourcecode.swift; path = ViewController.swift; sourceTree = "<group>"; };
		330292D220098568003C6420 /* Base */ = {isa = PBXFileReference; lastKnownFileType = file.storyboard; name = Base; path = Base.lproj/Main.storyboard; sourceTree = "<group>"; };
		330292D420098568003C6420 /* Assets.xcassets */ = {isa = PBXFileReference; lastKnownFileType = folder.assetcatalog; path = Assets.xcassets; sourceTree = "<group>"; };
		330292D720098568003C6420 /* Base */ = {isa = PBXFileReference; lastKnownFileType = file.storyboard; name = Base; path = Base.lproj/LaunchScreen.storyboard; sourceTree = "<group>"; };
		330292D920098568003C6420 /* Info.plist */ = {isa = PBXFileReference; lastKnownFileType = text.plist.xml; path = Info.plist; sourceTree = "<group>"; };
		330292DF20098B14003C6420 /* Post.swift */ = {isa = PBXFileReference; lastKnownFileType = sourcecode.swift; path = Post.swift; sourceTree = "<group>"; };
		330292E120098D4A003C6420 /* GoogleService-Info.plist */ = {isa = PBXFileReference; fileEncoding = 4; lastKnownFileType = text.plist.xml; path = "GoogleService-Info.plist"; sourceTree = "<group>"; };
		335D2459201007590090930D /* ChartVC.swift */ = {isa = PBXFileReference; lastKnownFileType = sourcecode.swift; path = ChartVC.swift; sourceTree = "<group>"; };
		335D245B20102E800090930D /* AdminTableViewCell.swift */ = {isa = PBXFileReference; lastKnownFileType = sourcecode.swift; path = AdminTableViewCell.swift; sourceTree = "<group>"; };
		336C442920098F0B00A47A86 /* DatabaseService.swift */ = {isa = PBXFileReference; lastKnownFileType = sourcecode.swift; path = DatabaseService.swift; sourceTree = "<group>"; };
		336C442B20099F9E00A47A86 /* PostsSnapshot.swift */ = {isa = PBXFileReference; lastKnownFileType = sourcecode.swift; path = PostsSnapshot.swift; sourceTree = "<group>"; };
		338777322010482B006EF11A /* UserTableViewCell.swift */ = {isa = PBXFileReference; lastKnownFileType = sourcecode.swift; path = UserTableViewCell.swift; sourceTree = "<group>"; };
		338777342010603B006EF11A /* PickerVC.swift */ = {isa = PBXFileReference; lastKnownFileType = sourcecode.swift; path = PickerVC.swift; sourceTree = "<group>"; };
		33A4DFEE2009CD41000A6E30 /* SignInVC.swift */ = {isa = PBXFileReference; lastKnownFileType = sourcecode.swift; path = SignInVC.swift; sourceTree = "<group>"; };
		33A4DFF22009CD91000A6E30 /* SignUpVC.swift */ = {isa = PBXFileReference; lastKnownFileType = sourcecode.swift; path = SignUpVC.swift; sourceTree = "<group>"; };
		33A4DFF82009DC06000A6E30 /* AlertController.swift */ = {isa = PBXFileReference; lastKnownFileType = sourcecode.swift; path = AlertController.swift; sourceTree = "<group>"; };
		33AA44A7200ED6B500468484 /* ResetPasswordVC.swift */ = {isa = PBXFileReference; lastKnownFileType = sourcecode.swift; path = ResetPasswordVC.swift; sourceTree = "<group>"; };
		33C3AFA8200C5E23004BC19D /* UserVC.swift */ = {isa = PBXFileReference; fileEncoding = 4; lastKnownFileType = sourcecode.swift; path = UserVC.swift; sourceTree = "<group>"; };
		33C3AFAA200C6261004BC19D /* UNService.swift */ = {isa = PBXFileReference; lastKnownFileType = sourcecode.swift; path = UNService.swift; sourceTree = "<group>"; };
		33C3AFAC200C65D1004BC19D /* LearningFirebase.entitlements */ = {isa = PBXFileReference; lastKnownFileType = text.plist.entitlements; path = LearningFirebase.entitlements; sourceTree = "<group>"; };
		33C3AFAD200C7799004BC19D /* MessagingService.swift */ = {isa = PBXFileReference; lastKnownFileType = sourcecode.swift; path = MessagingService.swift; sourceTree = "<group>"; };
		99E3916B9FB021FA26B0D187 /* Pods-LearningFirebase.debug.xcconfig */ = {isa = PBXFileReference; includeInIndex = 1; lastKnownFileType = text.xcconfig; name = "Pods-LearningFirebase.debug.xcconfig"; path = "Pods/Target Support Files/Pods-LearningFirebase/Pods-LearningFirebase.debug.xcconfig"; sourceTree = "<group>"; };
		B20B519C3F13CF5C300B95CE /* Pods_LearningFirebase.framework */ = {isa = PBXFileReference; explicitFileType = wrapper.framework; includeInIndex = 0; path = Pods_LearningFirebase.framework; sourceTree = BUILT_PRODUCTS_DIR; };
/* End PBXFileReference section */

/* Begin PBXFrameworksBuildPhase section */
		330292C720098568003C6420 /* Frameworks */ = {
			isa = PBXFrameworksBuildPhase;
			buildActionMask = 2147483647;
			files = (
				FCBFD7A050F7F2A0F1E950A2 /* Pods_LearningFirebase.framework in Frameworks */,
			);
			runOnlyForDeploymentPostprocessing = 0;
		};
/* End PBXFrameworksBuildPhase section */

/* Begin PBXGroup section */
		330292C120098568003C6420 = {
			isa = PBXGroup;
			children = (
				330292CC20098568003C6420 /* LearningFirebase */,
				330292CB20098568003C6420 /* Products */,
				EEC90B4C4C75C61DDC5F02C7 /* Pods */,
				CB6521003D804108E620CD47 /* Frameworks */,
			);
			sourceTree = "<group>";
		};
		330292CB20098568003C6420 /* Products */ = {
			isa = PBXGroup;
			children = (
				330292CA20098568003C6420 /* LearningFirebase.app */,
			);
			name = Products;
			sourceTree = "<group>";
		};
		330292CC20098568003C6420 /* LearningFirebase */ = {
			isa = PBXGroup;
			children = (
				33C3AFAC200C65D1004BC19D /* LearningFirebase.entitlements */,
				33A4DFF72009CDC5000A6E30 /* View */,
				33A4DFF62009CDA7000A6E30 /* Service */,
				33A4DFF12009CD5F000A6E30 /* Model */,
				33A4DFF02009CD4B000A6E30 /* Controller */,
				330292E120098D4A003C6420 /* GoogleService-Info.plist */,
				330292CD20098568003C6420 /* AppDelegate.swift */,
				330292D920098568003C6420 /* Info.plist */,
			);
			path = LearningFirebase;
			sourceTree = "<group>";
		};
		33A4DFF02009CD4B000A6E30 /* Controller */ = {
			isa = PBXGroup;
			children = (
				33A4DFF82009DC06000A6E30 /* AlertController.swift */,
				330292CF20098568003C6420 /* ViewController.swift */,
				33A4DFEE2009CD41000A6E30 /* SignInVC.swift */,
				33A4DFF22009CD91000A6E30 /* SignUpVC.swift */,
				33C3AFA8200C5E23004BC19D /* UserVC.swift */,
				33AA44A7200ED6B500468484 /* ResetPasswordVC.swift */,
				335D2459201007590090930D /* ChartVC.swift */,
				335D245B20102E800090930D /* AdminTableViewCell.swift */,
				338777322010482B006EF11A /* UserTableViewCell.swift */,
				338777342010603B006EF11A /* PickerVC.swift */,
			);
			path = Controller;
			sourceTree = "<group>";
		};
		33A4DFF12009CD5F000A6E30 /* Model */ = {
			isa = PBXGroup;
			children = (
				336C442B20099F9E00A47A86 /* PostsSnapshot.swift */,
				330292DF20098B14003C6420 /* Post.swift */,
			);
			path = Model;
			sourceTree = "<group>";
		};
		33A4DFF62009CDA7000A6E30 /* Service */ = {
			isa = PBXGroup;
			children = (
				336C442920098F0B00A47A86 /* DatabaseService.swift */,
				33C3AFAA200C6261004BC19D /* UNService.swift */,
				33C3AFAD200C7799004BC19D /* MessagingService.swift */,
			);
			path = Service;
			sourceTree = "<group>";
		};
		33A4DFF72009CDC5000A6E30 /* View */ = {
			isa = PBXGroup;
			children = (
				330292D420098568003C6420 /* Assets.xcassets */,
				330292D120098568003C6420 /* Main.storyboard */,
				330292D620098568003C6420 /* LaunchScreen.storyboard */,
			);
			path = View;
			sourceTree = "<group>";
		};
		CB6521003D804108E620CD47 /* Frameworks */ = {
			isa = PBXGroup;
			children = (
				B20B519C3F13CF5C300B95CE /* Pods_LearningFirebase.framework */,
			);
			name = Frameworks;
			sourceTree = "<group>";
		};
		EEC90B4C4C75C61DDC5F02C7 /* Pods */ = {
			isa = PBXGroup;
			children = (
				99E3916B9FB021FA26B0D187 /* Pods-LearningFirebase.debug.xcconfig */,
				312916EB7CCB830F0DE30506 /* Pods-LearningFirebase.release.xcconfig */,
			);
			name = Pods;
			sourceTree = "<group>";
		};
/* End PBXGroup section */

/* Begin PBXNativeTarget section */
		330292C920098568003C6420 /* LearningFirebase */ = {
			isa = PBXNativeTarget;
			buildConfigurationList = 330292DC20098568003C6420 /* Build configuration list for PBXNativeTarget "LearningFirebase" */;
			buildPhases = (
				6B02DFA884CD1723844ABEC8 /* [CP] Check Pods Manifest.lock */,
				330292C620098568003C6420 /* Sources */,
				330292C720098568003C6420 /* Frameworks */,
				330292C820098568003C6420 /* Resources */,
				21B4D785F1C726AA026D5916 /* [CP] Embed Pods Frameworks */,
				8D72890B84D5A1F3E8119A93 /* [CP] Copy Pods Resources */,
			);
			buildRules = (
			);
			dependencies = (
			);
			name = LearningFirebase;
			productName = LearningFirebase;
			productReference = 330292CA20098568003C6420 /* LearningFirebase.app */;
			productType = "com.apple.product-type.application";
		};
/* End PBXNativeTarget section */

/* Begin PBXProject section */
		330292C220098568003C6420 /* Project object */ = {
			isa = PBXProject;
			attributes = {
				LastSwiftUpdateCheck = 0920;
				LastUpgradeCheck = 0920;
				ORGANIZATIONNAME = "Kioja Kudumu";
				TargetAttributes = {
					330292C920098568003C6420 = {
						CreatedOnToolsVersion = 9.2;
						ProvisioningStyle = Automatic;
						SystemCapabilities = {
							com.apple.BackgroundModes = {
								enabled = 1;
							};
							com.apple.Push = {
								enabled = 1;
							};
						};
					};
				};
			};
			buildConfigurationList = 330292C520098568003C6420 /* Build configuration list for PBXProject "LearningFirebase" */;
			compatibilityVersion = "Xcode 8.0";
			developmentRegion = en;
			hasScannedForEncodings = 0;
			knownRegions = (
				en,
				Base,
			);
			mainGroup = 330292C120098568003C6420;
			productRefGroup = 330292CB20098568003C6420 /* Products */;
			projectDirPath = "";
			projectRoot = "";
			targets = (
				330292C920098568003C6420 /* LearningFirebase */,
			);
		};
/* End PBXProject section */

/* Begin PBXResourcesBuildPhase section */
		330292C820098568003C6420 /* Resources */ = {
			isa = PBXResourcesBuildPhase;
			buildActionMask = 2147483647;
			files = (
				330292D820098568003C6420 /* LaunchScreen.storyboard in Resources */,
				330292D520098568003C6420 /* Assets.xcassets in Resources */,
				330292D320098568003C6420 /* Main.storyboard in Resources */,
				330292E220098D4B003C6420 /* GoogleService-Info.plist in Resources */,
			);
			runOnlyForDeploymentPostprocessing = 0;
		};
/* End PBXResourcesBuildPhase section */

/* Begin PBXShellScriptBuildPhase section */
		21B4D785F1C726AA026D5916 /* [CP] Embed Pods Frameworks */ = {
			isa = PBXShellScriptBuildPhase;
			buildActionMask = 2147483647;
			files = (
			);
			inputPaths = (
			);
			name = "[CP] Embed Pods Frameworks";
			outputPaths = (
			);
			runOnlyForDeploymentPostprocessing = 0;
			shellPath = /bin/sh;
			shellScript = "\"${SRCROOT}/Pods/Target Support Files/Pods-LearningFirebase/Pods-LearningFirebase-frameworks.sh\"\n";
			showEnvVarsInLog = 0;
		};
		6B02DFA884CD1723844ABEC8 /* [CP] Check Pods Manifest.lock */ = {
			isa = PBXShellScriptBuildPhase;
			buildActionMask = 2147483647;
			files = (
			);
			inputPaths = (
			);
			name = "[CP] Check Pods Manifest.lock";
			outputPaths = (
			);
			runOnlyForDeploymentPostprocessing = 0;
			shellPath = /bin/sh;
			shellScript = "diff \"${PODS_ROOT}/../Podfile.lock\" \"${PODS_ROOT}/Manifest.lock\" > /dev/null\nif [ $? != 0 ] ; then\n    # print error to STDERR\n    echo \"error: The sandbox is not in sync with the Podfile.lock. Run 'pod install' or update your CocoaPods installation.\" >&2\n    exit 1\nfi\n";
			showEnvVarsInLog = 0;
		};
		8D72890B84D5A1F3E8119A93 /* [CP] Copy Pods Resources */ = {
			isa = PBXShellScriptBuildPhase;
			buildActionMask = 2147483647;
			files = (
			);
			inputPaths = (
			);
			name = "[CP] Copy Pods Resources";
			outputPaths = (
			);
			runOnlyForDeploymentPostprocessing = 0;
			shellPath = /bin/sh;
			shellScript = "\"${SRCROOT}/Pods/Target Support Files/Pods-LearningFirebase/Pods-LearningFirebase-resources.sh\"\n";
			showEnvVarsInLog = 0;
		};
/* End PBXShellScriptBuildPhase section */

/* Begin PBXSourcesBuildPhase section */
		330292C620098568003C6420 /* Sources */ = {
			isa = PBXSourcesBuildPhase;
			buildActionMask = 2147483647;
			files = (
				338777352010603B006EF11A /* PickerVC.swift in Sources */,
				33A4DFF32009CD91000A6E30 /* SignUpVC.swift in Sources */,
				330292E020098B14003C6420 /* Post.swift in Sources */,
				330292D020098568003C6420 /* ViewController.swift in Sources */,
				33A4DFEF2009CD41000A6E30 /* SignInVC.swift in Sources */,
				338777332010482B006EF11A /* UserTableViewCell.swift in Sources */,
				33C3AFAB200C6261004BC19D /* UNService.swift in Sources */,
				33A4DFF92009DC06000A6E30 /* AlertController.swift in Sources */,
				335D245A201007590090930D /* ChartVC.swift in Sources */,
				336C442C20099F9E00A47A86 /* PostsSnapshot.swift in Sources */,
				336C442A20098F0B00A47A86 /* DatabaseService.swift in Sources */,
				33C3AFAE200C7799004BC19D /* MessagingService.swift in Sources */,
				33C3AFA9200C5E23004BC19D /* UserVC.swift in Sources */,
				335D245C20102E800090930D /* AdminTableViewCell.swift in Sources */,
				330292CE20098568003C6420 /* AppDelegate.swift in Sources */,
				33AA44A8200ED6B500468484 /* ResetPasswordVC.swift in Sources */,
			);
			runOnlyForDeploymentPostprocessing = 0;
		};
/* End PBXSourcesBuildPhase section */

/* Begin PBXVariantGroup section */
		330292D120098568003C6420 /* Main.storyboard */ = {
			isa = PBXVariantGroup;
			children = (
				330292D220098568003C6420 /* Base */,
			);
			name = Main.storyboard;
			sourceTree = "<group>";
		};
		330292D620098568003C6420 /* LaunchScreen.storyboard */ = {
			isa = PBXVariantGroup;
			children = (
				330292D720098568003C6420 /* Base */,
			);
			name = LaunchScreen.storyboard;
			sourceTree = "<group>";
		};
/* End PBXVariantGroup section */

/* Begin XCBuildConfiguration section */
		330292DA20098568003C6420 /* Debug */ = {
			isa = XCBuildConfiguration;
			buildSettings = {
				ALWAYS_SEARCH_USER_PATHS = NO;
				CLANG_ANALYZER_NONNULL = YES;
				CLANG_ANALYZER_NUMBER_OBJECT_CONVERSION = YES_AGGRESSIVE;
				CLANG_CXX_LANGUAGE_STANDARD = "gnu++14";
				CLANG_CXX_LIBRARY = "libc++";
				CLANG_ENABLE_MODULES = YES;
				CLANG_ENABLE_OBJC_ARC = YES;
				CLANG_WARN_BLOCK_CAPTURE_AUTORELEASING = YES;
				CLANG_WARN_BOOL_CONVERSION = YES;
				CLANG_WARN_COMMA = YES;
				CLANG_WARN_CONSTANT_CONVERSION = YES;
				CLANG_WARN_DIRECT_OBJC_ISA_USAGE = YES_ERROR;
				CLANG_WARN_DOCUMENTATION_COMMENTS = YES;
				CLANG_WARN_EMPTY_BODY = YES;
				CLANG_WARN_ENUM_CONVERSION = YES;
				CLANG_WARN_INFINITE_RECURSION = YES;
				CLANG_WARN_INT_CONVERSION = YES;
				CLANG_WARN_NON_LITERAL_NULL_CONVERSION = YES;
				CLANG_WARN_OBJC_LITERAL_CONVERSION = YES;
				CLANG_WARN_OBJC_ROOT_CLASS = YES_ERROR;
				CLANG_WARN_RANGE_LOOP_ANALYSIS = YES;
				CLANG_WARN_STRICT_PROTOTYPES = YES;
				CLANG_WARN_SUSPICIOUS_MOVE = YES;
				CLANG_WARN_UNGUARDED_AVAILABILITY = YES_AGGRESSIVE;
				CLANG_WARN_UNREACHABLE_CODE = YES;
				CLANG_WARN__DUPLICATE_METHOD_MATCH = YES;
				CODE_SIGN_IDENTITY = "iPhone Developer";
				COPY_PHASE_STRIP = NO;
				DEBUG_INFORMATION_FORMAT = dwarf;
				ENABLE_STRICT_OBJC_MSGSEND = YES;
				ENABLE_TESTABILITY = YES;
				GCC_C_LANGUAGE_STANDARD = gnu11;
				GCC_DYNAMIC_NO_PIC = NO;
				GCC_NO_COMMON_BLOCKS = YES;
				GCC_OPTIMIZATION_LEVEL = 0;
				GCC_PREPROCESSOR_DEFINITIONS = (
					"DEBUG=1",
					"$(inherited)",
				);
				GCC_WARN_64_TO_32_BIT_CONVERSION = YES;
				GCC_WARN_ABOUT_RETURN_TYPE = YES_ERROR;
				GCC_WARN_UNDECLARED_SELECTOR = YES;
				GCC_WARN_UNINITIALIZED_AUTOS = YES_AGGRESSIVE;
				GCC_WARN_UNUSED_FUNCTION = YES;
				GCC_WARN_UNUSED_VARIABLE = YES;
				IPHONEOS_DEPLOYMENT_TARGET = 11.2;
				MTL_ENABLE_DEBUG_INFO = YES;
				ONLY_ACTIVE_ARCH = YES;
				SDKROOT = iphoneos;
				SWIFT_ACTIVE_COMPILATION_CONDITIONS = DEBUG;
				SWIFT_OPTIMIZATION_LEVEL = "-Onone";
			};
			name = Debug;
		};
		330292DB20098568003C6420 /* Release */ = {
			isa = XCBuildConfiguration;
			buildSettings = {
				ALWAYS_SEARCH_USER_PATHS = NO;
				CLANG_ANALYZER_NONNULL = YES;
				CLANG_ANALYZER_NUMBER_OBJECT_CONVERSION = YES_AGGRESSIVE;
				CLANG_CXX_LANGUAGE_STANDARD = "gnu++14";
				CLANG_CXX_LIBRARY = "libc++";
				CLANG_ENABLE_MODULES = YES;
				CLANG_ENABLE_OBJC_ARC = YES;
				CLANG_WARN_BLOCK_CAPTURE_AUTORELEASING = YES;
				CLANG_WARN_BOOL_CONVERSION = YES;
				CLANG_WARN_COMMA = YES;
				CLANG_WARN_CONSTANT_CONVERSION = YES;
				CLANG_WARN_DIRECT_OBJC_ISA_USAGE = YES_ERROR;
				CLANG_WARN_DOCUMENTATION_COMMENTS = YES;
				CLANG_WARN_EMPTY_BODY = YES;
				CLANG_WARN_ENUM_CONVERSION = YES;
				CLANG_WARN_INFINITE_RECURSION = YES;
				CLANG_WARN_INT_CONVERSION = YES;
				CLANG_WARN_NON_LITERAL_NULL_CONVERSION = YES;
				CLANG_WARN_OBJC_LITERAL_CONVERSION = YES;
				CLANG_WARN_OBJC_ROOT_CLASS = YES_ERROR;
				CLANG_WARN_RANGE_LOOP_ANALYSIS = YES;
				CLANG_WARN_STRICT_PROTOTYPES = YES;
				CLANG_WARN_SUSPICIOUS_MOVE = YES;
				CLANG_WARN_UNGUARDED_AVAILABILITY = YES_AGGRESSIVE;
				CLANG_WARN_UNREACHABLE_CODE = YES;
				CLANG_WARN__DUPLICATE_METHOD_MATCH = YES;
				CODE_SIGN_IDENTITY = "iPhone Developer";
				COPY_PHASE_STRIP = NO;
				DEBUG_INFORMATION_FORMAT = "dwarf-with-dsym";
				ENABLE_NS_ASSERTIONS = NO;
				ENABLE_STRICT_OBJC_MSGSEND = YES;
				GCC_C_LANGUAGE_STANDARD = gnu11;
				GCC_NO_COMMON_BLOCKS = YES;
				GCC_WARN_64_TO_32_BIT_CONVERSION = YES;
				GCC_WARN_ABOUT_RETURN_TYPE = YES_ERROR;
				GCC_WARN_UNDECLARED_SELECTOR = YES;
				GCC_WARN_UNINITIALIZED_AUTOS = YES_AGGRESSIVE;
				GCC_WARN_UNUSED_FUNCTION = YES;
				GCC_WARN_UNUSED_VARIABLE = YES;
				IPHONEOS_DEPLOYMENT_TARGET = 11.2;
				MTL_ENABLE_DEBUG_INFO = NO;
				SDKROOT = iphoneos;
				SWIFT_OPTIMIZATION_LEVEL = "-Owholemodule";
				VALIDATE_PRODUCT = YES;
			};
			name = Release;
		};
		330292DD20098568003C6420 /* Debug */ = {
			isa = XCBuildConfiguration;
			baseConfigurationReference = 99E3916B9FB021FA26B0D187 /* Pods-LearningFirebase.debug.xcconfig */;
			buildSettings = {
				ASSETCATALOG_COMPILER_APPICON_NAME = AppIcon;
				CODE_SIGN_ENTITLEMENTS = LearningFirebase/LearningFirebase.entitlements;
				CODE_SIGN_STYLE = Automatic;
				DEVELOPMENT_TEAM = 94D4JW7DD5;
				INFOPLIST_FILE = LearningFirebase/Info.plist;
				LD_RUNPATH_SEARCH_PATHS = "$(inherited) @executable_path/Frameworks";
				PRODUCT_BUNDLE_IDENTIFIER = com.kkudumu.LearningFirebase;
				PRODUCT_NAME = "$(TARGET_NAME)";
				SWIFT_VERSION = 4.0;
				TARGETED_DEVICE_FAMILY = "1,2";
			};
			name = Debug;
		};
		330292DE20098568003C6420 /* Release */ = {
			isa = XCBuildConfiguration;
			baseConfigurationReference = 312916EB7CCB830F0DE30506 /* Pods-LearningFirebase.release.xcconfig */;
			buildSettings = {
				ASSETCATALOG_COMPILER_APPICON_NAME = AppIcon;
				CODE_SIGN_ENTITLEMENTS = LearningFirebase/LearningFirebase.entitlements;
				CODE_SIGN_STYLE = Automatic;
				DEVELOPMENT_TEAM = 94D4JW7DD5;
				INFOPLIST_FILE = LearningFirebase/Info.plist;
				LD_RUNPATH_SEARCH_PATHS = "$(inherited) @executable_path/Frameworks";
				PRODUCT_BUNDLE_IDENTIFIER = com.kkudumu.LearningFirebase;
				PRODUCT_NAME = "$(TARGET_NAME)";
				SWIFT_VERSION = 4.0;
				TARGETED_DEVICE_FAMILY = "1,2";
			};
			name = Release;
		};
/* End XCBuildConfiguration section */

/* Begin XCConfigurationList section */
		330292C520098568003C6420 /* Build configuration list for PBXProject "LearningFirebase" */ = {
			isa = XCConfigurationList;
			buildConfigurations = (
				330292DA20098568003C6420 /* Debug */,
				330292DB20098568003C6420 /* Release */,
			);
			defaultConfigurationIsVisible = 0;
			defaultConfigurationName = Release;
		};
		330292DC20098568003C6420 /* Build configuration list for PBXNativeTarget "LearningFirebase" */ = {
			isa = XCConfigurationList;
			buildConfigurations = (
				330292DD20098568003C6420 /* Debug */,
				330292DE20098568003C6420 /* Release */,
			);
			defaultConfigurationIsVisible = 0;
			defaultConfigurationName = Release;
		};
/* End XCConfigurationList section */
	};
	rootObject = 330292C220098568003C6420 /* Project object */;
}
